
Microsoft Visual Studio Solution File, Format Version 12.00
# Visual Studio Version 16
VisualStudioVersion = 16.0.30517.126
MinimumVisualStudioVersion = 10.0.40219.1
Project("{9A19103F-16F7-4668-BE54-9A1E7A4F7556}") = "RealtyAgencyMLS.BAL", "RealtyAgencyMLS.BAL\RealtyAgencyMLS.BAL.csproj", "{C8D73D46-D576-45D6-95E9-3380D0C46FBB}"
EndProject
Project("{9A19103F-16F7-4668-BE54-9A1E7A4F7556}") = "RealtyAgencyMLS.DAL", "RealtyAgencyMLS.DAL\RealtyAgencyMLS.DAL.csproj", "{408BF4DA-D14A-4AD5-B3EE-4397296CEBA5}"
EndProject
Project("{9A19103F-16F7-4668-BE54-9A1E7A4F7556}") = "RealtyAgencyMLS.Model", "RealtyAgencyMLS.Model\RealtyAgencyMLS.Model.csproj", "{3307E3B1-7BAB-437D-A1E4-B7809A48B47A}"
EndProject
Project("{9A19103F-16F7-4668-BE54-9A1E7A4F7556}") = "RealtyAgencyMLS.Admin", "RealtyAgencyMLS.Admin\RealtyAgencyMLS.Admin.csproj", "{4EF77533-4E84-4FA8-A269-F3E4A1F4CBC8}"
EndProject
Project("{FAE04EC0-301F-11D3-BF4B-00C04F79EFBC}") = "RealtyAgencyMLS.Web", "RealtyAgencyMLS.Web\RealtyAgencyMLS.Web.csproj", "{8B05B1ED-156F-4FC6-8D4E-519C56428549}"
EndProject
Global
	GlobalSection(SolutionConfigurationPlatforms) = preSolution
		Debug|Any CPU = Debug|Any CPU
		Release|Any CPU = Release|Any CPU
	EndGlobalSection
	GlobalSection(ProjectConfigurationPlatforms) = postSolution
		{C8D73D46-D576-45D6-95E9-3380D0C46FBB}.Debug|Any CPU.ActiveCfg = Debug|Any CPU
		{C8D73D46-D576-45D6-95E9-3380D0C46FBB}.Debug|Any CPU.Build.0 = Debug|Any CPU
		{C8D73D46-D576-45D6-95E9-3380D0C46FBB}.Release|Any CPU.ActiveCfg = Release|Any CPU
		{C8D73D46-D576-45D6-95E9-3380D0C46FBB}.Release|Any CPU.Build.0 = Release|Any CPU
		{408BF4DA-D14A-4AD5-B3EE-4397296CEBA5}.Debug|Any CPU.ActiveCfg = Debug|Any CPU
		{408BF4DA-D14A-4AD5-B3EE-4397296CEBA5}.Debug|Any CPU.Build.0 = Debug|Any CPU
		{408BF4DA-D14A-4AD5-B3EE-4397296CEBA5}.Release|Any CPU.ActiveCfg = Release|Any CPU
		{408BF4DA-D14A-4AD5-B3EE-4397296CEBA5}.Release|Any CPU.Build.0 = Release|Any CPU
		{3307E3B1-7BAB-437D-A1E4-B7809A48B47A}.Debug|Any CPU.ActiveCfg = Debug|Any CPU
		{3307E3B1-7BAB-437D-A1E4-B7809A48B47A}.Debug|Any CPU.Build.0 = Debug|Any CPU
		{3307E3B1-7BAB-437D-A1E4-B7809A48B47A}.Release|Any CPU.ActiveCfg = Release|Any CPU
		{3307E3B1-7BAB-437D-A1E4-B7809A48B47A}.Release|Any CPU.Build.0 = Release|Any CPU
		{4EF77533-4E84-4FA8-A269-F3E4A1F4CBC8}.Debug|Any CPU.ActiveCfg = Debug|Any CPU
		{4EF77533-4E84-4FA8-A269-F3E4A1F4CBC8}.Debug|Any CPU.Build.0 = Debug|Any CPU
		{4EF77533-4E84-4FA8-A269-F3E4A1F4CBC8}.Release|Any CPU.ActiveCfg = Release|Any CPU
		{4EF77533-4E84-4FA8-A269-F3E4A1F4CBC8}.Release|Any CPU.Build.0 = Release|Any CPU
		{8B05B1ED-156F-4FC6-8D4E-519C56428549}.Debug|Any CPU.ActiveCfg = Debug|Any CPU
		{8B05B1ED-156F-4FC6-8D4E-519C56428549}.Debug|Any CPU.Build.0 = Debug|Any CPU
		{8B05B1ED-156F-4FC6-8D4E-519C56428549}.Release|Any CPU.ActiveCfg = Release|Any CPU
		{8B05B1ED-156F-4FC6-8D4E-519C56428549}.Release|Any CPU.Build.0 = Release|Any CPU
	EndGlobalSection
	GlobalSection(SolutionProperties) = preSolution
		HideSolutionNode = FALSE
	EndGlobalSection
	GlobalSection(ExtensibilityGlobals) = postSolution
		SolutionGuid = {ACC65260-8FB5-4519-9730-20F8F1104DF3}
	EndGlobalSection
EndGlobal
